// !$*UTF8*$!
{
	archiveVersion = 1;
	classes = {
	};
	objectVersion = 50;
	objects = {

/* Begin PBXBuildFile section */
		3F8616C124CA40CB00FD5578 /* AppDelegate.swift in Sources */ = {isa = PBXBuildFile; fileRef = 3F8616C024CA40CB00FD5578 /* AppDelegate.swift */; };
		3F8616C324CA40CB00FD5578 /* SceneDelegate.swift in Sources */ = {isa = PBXBuildFile; fileRef = 3F8616C224CA40CB00FD5578 /* SceneDelegate.swift */; };
		3F8616C524CA40CB00FD5578 /* ViewController.swift in Sources */ = {isa = PBXBuildFile; fileRef = 3F8616C424CA40CB00FD5578 /* ViewController.swift */; };
		3F8616C824CA40CB00FD5578 /* Main.storyboard in Resources */ = {isa = PBXBuildFile; fileRef = 3F8616C624CA40CB00FD5578 /* Main.storyboard */; };
		3F8616CA24CA40CC00FD5578 /* Assets.xcassets in Resources */ = {isa = PBXBuildFile; fileRef = 3F8616C924CA40CC00FD5578 /* Assets.xcassets */; };
		3F8616CD24CA40CC00FD5578 /* LaunchScreen.storyboard in Resources */ = {isa = PBXBuildFile; fileRef = 3F8616CB24CA40CC00FD5578 /* LaunchScreen.storyboard */; };
		3F8616D824CA40CC00FD5578 /* ShoppingList1Tests.swift in Sources */ = {isa = PBXBuildFile; fileRef = 3F8616D724CA40CC00FD5578 /* ShoppingList1Tests.swift */; };
		3F8616E324CA40CC00FD5578 /* ShoppingList1UITests.swift in Sources */ = {isa = PBXBuildFile; fileRef = 3F8616E224CA40CC00FD5578 /* ShoppingList1UITests.swift */; };
/* End PBXBuildFile section */

/* Begin PBXContainerItemProxy section */
		3F8616D424CA40CC00FD5578 /* PBXContainerItemProxy */ = {
			isa = PBXContainerItemProxy;
			containerPortal = 3F8616B524CA40CB00FD5578 /* Project object */;
			proxyType = 1;
			remoteGlobalIDString = 3F8616BC24CA40CB00FD5578;
			remoteInfo = ShoppingList1;
		};
		3F8616DF24CA40CC00FD5578 /* PBXContainerItemProxy */ = {
			isa = PBXContainerItemProxy;
			containerPortal = 3F8616B524CA40CB00FD5578 /* Project object */;
			proxyType = 1;
			remoteGlobalIDString = 3F8616BC24CA40CB00FD5578;
			remoteInfo = ShoppingList1;
		};
/* End PBXContainerItemProxy section */

/* Begin PBXFileReference section */
		3F8616BD24CA40CB00FD5578 /* ShoppingList1.app */ = {isa = PBXFileReference; explicitFileType = wrapper.application; includeInIndex = 0; path = ShoppingList1.app; sourceTree = BUILT_PRODUCTS_DIR; };
		3F8616C024CA40CB00FD5578 /* AppDelegate.swift */ = {isa = PBXFileReference; lastKnownFileType = sourcecode.swift; path = AppDelegate.swift; sourceTree = "<group>"; };
		3F8616C224CA40CB00FD5578 /* SceneDelegate.swift */ = {isa = PBXFileReference; lastKnownFileType = sourcecode.swift; path = SceneDelegate.swift; sourceTree = "<group>"; };
		3F8616C424CA40CB00FD5578 /* ViewController.swift */ = {isa = PBXFileReference; lastKnownFileType = sourcecode.swift; path = ViewController.swift; sourceTree = "<group>"; };
		3F8616C724CA40CB00FD5578 /* Base */ = {isa = PBXFileReference; lastKnownFileType = file.storyboard; name = Base; path = Base.lproj/Main.storyboard; sourceTree = "<group>"; };
		3F8616C924CA40CC00FD5578 /* Assets.xcassets */ = {isa = PBXFileReference; lastKnownFileType = folder.assetcatalog; path = Assets.xcassets; sourceTree = "<group>"; };
		3F8616CC24CA40CC00FD5578 /* Base */ = {isa = PBXFileReference; lastKnownFileType = file.storyboard; name = Base; path = Base.lproj/LaunchScreen.storyboard; sourceTree = "<group>"; };
		3F8616CE24CA40CC00FD5578 /* Info.plist */ = {isa = PBXFileReference; lastKnownFileType = text.plist.xml; path = Info.plist; sourceTree = "<group>"; };
		3F8616D324CA40CC00FD5578 /* ShoppingList1Tests.xctest */ = {isa = PBXFileReference; explicitFileType = wrapper.cfbundle; includeInIndex = 0; path = ShoppingList1Tests.xctest; sourceTree = BUILT_PRODUCTS_DIR; };
		3F8616D724CA40CC00FD5578 /* ShoppingList1Tests.swift */ = {isa = PBXFileReference; lastKnownFileType = sourcecode.swift; path = ShoppingList1Tests.swift; sourceTree = "<group>"; };
		3F8616D924CA40CC00FD5578 /* Info.plist */ = {isa = PBXFileReference; lastKnownFileType = text.plist.xml; path = Info.plist; sourceTree = "<group>"; };
		3F8616DE24CA40CC00FD5578 /* ShoppingList1UITests.xctest */ = {isa = PBXFileReference; explicitFileType = wrapper.cfbundle; includeInIndex = 0; path = ShoppingList1UITests.xctest; sourceTree = BUILT_PRODUCTS_DIR; };
		3F8616E224CA40CC00FD5578 /* ShoppingList1UITests.swift */ = {isa = PBXFileReference; lastKnownFileType = sourcecode.swift; path = ShoppingList1UITests.swift; sourceTree = "<group>"; };
		3F8616E424CA40CC00FD5578 /* Info.plist */ = {isa = PBXFileReference; lastKnownFileType = text.plist.xml; path = Info.plist; sourceTree = "<group>"; };
/* End PBXFileReference section */

/* Begin PBXFrameworksBuildPhase section */
		3F8616BA24CA40CB00FD5578 /* Frameworks */ = {
			isa = PBXFrameworksBuildPhase;
			buildActionMask = 2147483647;
			files = (
			);
			runOnlyForDeploymentPostprocessing = 0;
		};
		3F8616D024CA40CC00FD5578 /* Frameworks */ = {
			isa = PBXFrameworksBuildPhase;
			buildActionMask = 2147483647;
			files = (
			);
			runOnlyForDeploymentPostprocessing = 0;
		};
		3F8616DB24CA40CC00FD5578 /* Frameworks */ = {
			isa = PBXFrameworksBuildPhase;
			buildActionMask = 2147483647;
			files = (
			);
			runOnlyForDeploymentPostprocessing = 0;
		};
/* End PBXFrameworksBuildPhase section */

/* Begin PBXGroup section */
		3F8616B424CA40CB00FD5578 = {
			isa = PBXGroup;
			children = (
				3F8616BF24CA40CB00FD5578 /* ShoppingList1 */,
				3F8616D624CA40CC00FD5578 /* ShoppingList1Tests */,
				3F8616E124CA40CC00FD5578 /* ShoppingList1UITests */,
				3F8616BE24CA40CB00FD5578 /* Products */,
			);
			sourceTree = "<group>";
		};
		3F8616BE24CA40CB00FD5578 /* Products */ = {
			isa = PBXGroup;
			children = (
				3F8616BD24CA40CB00FD5578 /* ShoppingList1.app */,
				3F8616D324CA40CC00FD5578 /* ShoppingList1Tests.xctest */,
				3F8616DE24CA40CC00FD5578 /* ShoppingList1UITests.xctest */,
			);
			name = Products;
			sourceTree = "<group>";
		};
		3F8616BF24CA40CB00FD5578 /* ShoppingList1 */ = {
			isa = PBXGroup;
			children = (
				3F8616C024CA40CB00FD5578 /* AppDelegate.swift */,
				3F8616C224CA40CB00FD5578 /* SceneDelegate.swift */,
				3F8616C424CA40CB00FD5578 /* ViewController.swift */,
				3F8616C624CA40CB00FD5578 /* Main.storyboard */,
				3F8616C924CA40CC00FD5578 /* Assets.xcassets */,
				3F8616CB24CA40CC00FD5578 /* LaunchScreen.storyboard */,
				3F8616CE24CA40CC00FD5578 /* Info.plist */,
			);
			path = ShoppingList1;
			sourceTree = "<group>";
		};
		3F8616D624CA40CC00FD5578 /* ShoppingList1Tests */ = {
			isa = PBXGroup;
			children = (
				3F8616D724CA40CC00FD5578 /* ShoppingList1Tests.swift */,
				3F8616D924CA40CC00FD5578 /* Info.plist */,
			);
			path = ShoppingList1Tests;
			sourceTree = "<group>";
		};
		3F8616E124CA40CC00FD5578 /* ShoppingList1UITests */ = {
			isa = PBXGroup;
			children = (
				3F8616E224CA40CC00FD5578 /* ShoppingList1UITests.swift */,
				3F8616E424CA40CC00FD5578 /* Info.plist */,
			);
			path = ShoppingList1UITests;
			sourceTree = "<group>";
		};
/* End PBXGroup section */

/* Begin PBXNativeTarget section */
		3F8616BC24CA40CB00FD5578 /* ShoppingList1 */ = {
			isa = PBXNativeTarget;
			buildConfigurationList = 3F8616E724CA40CC00FD5578 /* Build configuration list for PBXNativeTarget "ShoppingList1" */;
			buildPhases = (
				3F8616B924CA40CB00FD5578 /* Sources */,
				3F8616BA24CA40CB00FD5578 /* Frameworks */,
				3F8616BB24CA40CB00FD5578 /* Resources */,
			);
			buildRules = (
			);
			dependencies = (
			);
			name = ShoppingList1;
			productName = ShoppingList1;
			productReference = 3F8616BD24CA40CB00FD5578 /* ShoppingList1.app */;
			productType = "com.apple.product-type.application";
		};
		3F8616D224CA40CC00FD5578 /* ShoppingList1Tests */ = {
			isa = PBXNativeTarget;
			buildConfigurationList = 3F8616EA24CA40CC00FD5578 /* Build configuration list for PBXNativeTarget "ShoppingList1Tests" */;
			buildPhases = (
				3F8616CF24CA40CC00FD5578 /* Sources */,
				3F8616D024CA40CC00FD5578 /* Frameworks */,
				3F8616D124CA40CC00FD5578 /* Resources */,
			);
			buildRules = (
			);
			dependencies = (
				3F8616D524CA40CC00FD5578 /* PBXTargetDependency */,
			);
			name = ShoppingList1Tests;
			productName = ShoppingList1Tests;
			productReference = 3F8616D324CA40CC00FD5578 /* ShoppingList1Tests.xctest */;
			productType = "com.apple.product-type.bundle.unit-test";
		};
		3F8616DD24CA40CC00FD5578 /* ShoppingList1UITests */ = {
			isa = PBXNativeTarget;
			buildConfigurationList = 3F8616ED24CA40CC00FD5578 /* Build configuration list for PBXNativeTarget "ShoppingList1UITests" */;
			buildPhases = (
				3F8616DA24CA40CC00FD5578 /* Sources */,
				3F8616DB24CA40CC00FD5578 /* Frameworks */,
				3F8616DC24CA40CC00FD5578 /* Resources */,
			);
			buildRules = (
			);
			dependencies = (
				3F8616E024CA40CC00FD5578 /* PBXTargetDependency */,
			);
			name = ShoppingList1UITests;
			productName = ShoppingList1UITests;
			productReference = 3F8616DE24CA40CC00FD5578 /* ShoppingList1UITests.xctest */;
			productType = "com.apple.product-type.bundle.ui-testing";
		};
/* End PBXNativeTarget section */

/* Begin PBXProject section */
		3F8616B524CA40CB00FD5578 /* Project object */ = {
			isa = PBXProject;
			attributes = {
				LastSwiftUpdateCheck = 1130;
				LastUpgradeCheck = 1130;
				ORGANIZATIONNAME = admin;
				TargetAttributes = {
					3F8616BC24CA40CB00FD5578 = {
						CreatedOnToolsVersion = 11.3.1;
					};
					3F8616D224CA40CC00FD5578 = {
						CreatedOnToolsVersion = 11.3.1;
						TestTargetID = 3F8616BC24CA40CB00FD5578;
					};
					3F8616DD24CA40CC00FD5578 = {
						CreatedOnToolsVersion = 11.3.1;
						TestTargetID = 3F8616BC24CA40CB00FD5578;
					};
				};
			};
			buildConfigurationList = 3F8616B824CA40CB00FD5578 /* Build configuration list for PBXProject "ShoppingList1" */;
			compatibilityVersion = "Xcode 9.3";
			developmentRegion = en;
			hasScannedForEncodings = 0;
			knownRegions = (
				en,
				Base,
			);
			mainGroup = 3F8616B424CA40CB00FD5578;
			productRefGroup = 3F8616BE24CA40CB00FD5578 /* Products */;
			projectDirPath = "";
			projectRoot = "";
			targets = (
				3F8616BC24CA40CB00FD5578 /* ShoppingList1 */,
				3F8616D224CA40CC00FD5578 /* ShoppingList1Tests */,
				3F8616DD24CA40CC00FD5578 /* ShoppingList1UITests */,
			);
		};
/* End PBXProject section */

/* Begin PBXResourcesBuildPhase section */
		3F8616BB24CA40CB00FD5578 /* Resources */ = {
			isa = PBXResourcesBuildPhase;
			buildActionMask = 2147483647;
			files = (
				3F8616CD24CA40CC00FD5578 /* LaunchScreen.storyboard in Resources */,
				3F8616CA24CA40CC00FD5578 /* Assets.xcassets in Resources */,
				3F8616C824CA40CB00FD5578 /* Main.storyboard in Resources */,
			);
			runOnlyForDeploymentPostprocessing = 0;
		};
		3F8616D124CA40CC00FD5578 /* Resources */ = {
			isa = PBXResourcesBuildPhase;
			buildActionMask = 2147483647;
			files = (
			);
			runOnlyForDeploymentPostprocessing = 0;
		};
		3F8616DC24CA40CC00FD5578 /* Resources */ = {
			isa = PBXResourcesBuildPhase;
			buildActionMask = 2147483647;
			files = (
			);
			runOnlyForDeploymentPostprocessing = 0;
		};
/* End PBXResourcesBuildPhase section */

/* Begin PBXSourcesBuildPhase section */
		3F8616B924CA40CB00FD5578 /* Sources */ = {
			isa = PBXSourcesBuildPhase;
			buildActionMask = 2147483647;
			files = (
				3F8616C524CA40CB00FD5578 /* ViewController.swift in Sources */,
				3F8616C124CA40CB00FD5578 /* AppDelegate.swift in Sources */,
				3F8616C324CA40CB00FD5578 /* SceneDelegate.swift in Sources */,
			);
			runOnlyForDeploymentPostprocessing = 0;
		};
		3F8616CF24CA40CC00FD5578 /* Sources */ = {
			isa = PBXSourcesBuildPhase;
			buildActionMask = 2147483647;
			files = (
				3F8616D824CA40CC00FD5578 /* ShoppingList1Tests.swift in Sources */,
			);
			runOnlyForDeploymentPostprocessing = 0;
		};
		3F8616DA24CA40CC00FD5578 /* Sources */ = {
			isa = PBXSourcesBuildPhase;
			buildActionMask = 2147483647;
			files = (
				3F8616E324CA40CC00FD5578 /* ShoppingList1UITests.swift in Sources */,
			);
			runOnlyForDeploymentPostprocessing = 0;
		};
/* End PBXSourcesBuildPhase section */

/* Begin PBXTargetDependency section */
		3F8616D524CA40CC00FD5578 /* PBXTargetDependency */ = {
			isa = PBXTargetDependency;
			target = 3F8616BC24CA40CB00FD5578 /* ShoppingList1 */;
			targetProxy = 3F8616D424CA40CC00FD5578 /* PBXContainerItemProxy */;
		};
		3F8616E024CA40CC00FD5578 /* PBXTargetDependency */ = {
			isa = PBXTargetDependency;
			target = 3F8616BC24CA40CB00FD5578 /* ShoppingList1 */;
			targetProxy = 3F8616DF24CA40CC00FD5578 /* PBXContainerItemProxy */;
		};
/* End PBXTargetDependency section */

/* Begin PBXVariantGroup section */
		3F8616C624CA40CB00FD5578 /* Main.storyboard */ = {
			isa = PBXVariantGroup;
			children = (
				3F8616C724CA40CB00FD5578 /* Base */,
			);
			name = Main.storyboard;
			sourceTree = "<group>";
		};
		3F8616CB24CA40CC00FD5578 /* LaunchScreen.storyboard */ = {
			isa = PBXVariantGroup;
			children = (
				3F8616CC24CA40CC00FD5578 /* Base */,
			);
			name = LaunchScreen.storyboard;
			sourceTree = "<group>";
		};
/* End PBXVariantGroup section */

/* Begin XCBuildConfiguration section */
		3F8616E524CA40CC00FD5578 /* Debug */ = {
			isa = XCBuildConfiguration;
			buildSettings = {
				ALWAYS_SEARCH_USER_PATHS = NO;
				CLANG_ANALYZER_NONNULL = YES;
				CLANG_ANALYZER_NUMBER_OBJECT_CONVERSION = YES_AGGRESSIVE;
				CLANG_CXX_LANGUAGE_STANDARD = "gnu++14";
				CLANG_CXX_LIBRARY = "libc++";
				CLANG_ENABLE_MODULES = YES;
				CLANG_ENABLE_OBJC_ARC = YES;
				CLANG_ENABLE_OBJC_WEAK = YES;
				CLANG_WARN_BLOCK_CAPTURE_AUTORELEASING = YES;
				CLANG_WARN_BOOL_CONVERSION = YES;
				CLANG_WARN_COMMA = YES;
				CLANG_WARN_CONSTANT_CONVERSION = YES;
				CLANG_WARN_DEPRECATED_OBJC_IMPLEMENTATIONS = YES;
				CLANG_WARN_DIRECT_OBJC_ISA_USAGE = YES_ERROR;
				CLANG_WARN_DOCUMENTATION_COMMENTS = YES;
				CLANG_WARN_EMPTY_BODY = YES;
				CLANG_WARN_ENUM_CONVERSION = YES;
				CLANG_WARN_INFINITE_RECURSION = YES;
				CLANG_WARN_INT_CONVERSION = YES;
				CLANG_WARN_NON_LITERAL_NULL_CONVERSION = YES;
				CLANG_WARN_OBJC_IMPLICIT_RETAIN_SELF = YES;
				CLANG_WARN_OBJC_LITERAL_CONVERSION = YES;
				CLANG_WARN_OBJC_ROOT_CLASS = YES_ERROR;
				CLANG_WARN_RANGE_LOOP_ANALYSIS = YES;
				CLANG_WARN_STRICT_PROTOTYPES = YES;
				CLANG_WARN_SUSPICIOUS_MOVE = YES;
				CLANG_WARN_UNGUARDED_AVAILABILITY = YES_AGGRESSIVE;
				CLANG_WARN_UNREACHABLE_CODE = YES;
				CLANG_WARN__DUPLICATE_METHOD_MATCH = YES;
				COPY_PHASE_STRIP = NO;
				DEBUG_INFORMATION_FORMAT = dwarf;
				ENABLE_STRICT_OBJC_MSGSEND = YES;
				ENABLE_TESTABILITY = YES;
				GCC_C_LANGUAGE_STANDARD = gnu11;
				GCC_DYNAMIC_NO_PIC = NO;
				GCC_NO_COMMON_BLOCKS = YES;
				GCC_OPTIMIZATION_LEVEL = 0;
				GCC_PREPROCESSOR_DEFINITIONS = (
					"DEBUG=1",
					"$(inherited)",
				);
				GCC_WARN_64_TO_32_BIT_CONVERSION = YES;
				GCC_WARN_ABOUT_RETURN_TYPE = YES_ERROR;
				GCC_WARN_UNDECLARED_SELECTOR = YES;
				GCC_WARN_UNINITIALIZED_AUTOS = YES_AGGRESSIVE;
				GCC_WARN_UNUSED_FUNCTION = YES;
				GCC_WARN_UNUSED_VARIABLE = YES;
				IPHONEOS_DEPLOYMENT_TARGET = 13.2;
				MTL_ENABLE_DEBUG_INFO = INCLUDE_SOURCE;
				MTL_FAST_MATH = YES;
				ONLY_ACTIVE_ARCH = YES;
				SDKROOT = iphoneos;
				SWIFT_ACTIVE_COMPILATION_CONDITIONS = DEBUG;
				SWIFT_OPTIMIZATION_LEVEL = "-Onone";
			};
			name = Debug;
		};
		3F8616E624CA40CC00FD5578 /* Release */ = {
			isa = XCBuildConfiguration;
			buildSettings = {
				ALWAYS_SEARCH_USER_PATHS = NO;
				CLANG_ANALYZER_NONNULL = YES;
				CLANG_ANALYZER_NUMBER_OBJECT_CONVERSION = YES_AGGRESSIVE;
				CLANG_CXX_LANGUAGE_STANDARD = "gnu++14";
				CLANG_CXX_LIBRARY = "libc++";
				CLANG_ENABLE_MODULES = YES;
				CLANG_ENABLE_OBJC_ARC = YES;
				CLANG_ENABLE_OBJC_WEAK = YES;
				CLANG_WARN_BLOCK_CAPTURE_AUTORELEASING = YES;
				CLANG_WARN_BOOL_CONVERSION = YES;
				CLANG_WARN_COMMA = YES;
				CLANG_WARN_CONSTANT_CONVERSION = YES;
				CLANG_WARN_DEPRECATED_OBJC_IMPLEMENTATIONS = YES;
				CLANG_WARN_DIRECT_OBJC_ISA_USAGE = YES_ERROR;
				CLANG_WARN_DOCUMENTATION_COMMENTS = YES;
				CLANG_WARN_EMPTY_BODY = YES;
				CLANG_WARN_ENUM_CONVERSION = YES;
				CLANG_WARN_INFINITE_RECURSION = YES;
				CLANG_WARN_INT_CONVERSION = YES;
				CLANG_WARN_NON_LITERAL_NULL_CONVERSION = YES;
				CLANG_WARN_OBJC_IMPLICIT_RETAIN_SELF = YES;
				CLANG_WARN_OBJC_LITERAL_CONVERSION = YES;
				CLANG_WARN_OBJC_ROOT_CLASS = YES_ERROR;
				CLANG_WARN_RANGE_LOOP_ANALYSIS = YES;
				CLANG_WARN_STRICT_PROTOTYPES = YES;
				CLANG_WARN_SUSPICIOUS_MOVE = YES;
				CLANG_WARN_UNGUARDED_AVAILABILITY = YES_AGGRESSIVE;
				CLANG_WARN_UNREACHABLE_CODE = YES;
				CLANG_WARN__DUPLICATE_METHOD_MATCH = YES;
				COPY_PHASE_STRIP = NO;
				DEBUG_INFORMATION_FORMAT = "dwarf-with-dsym";
				ENABLE_NS_ASSERTIONS = NO;
				ENABLE_STRICT_OBJC_MSGSEND = YES;
				GCC_C_LANGUAGE_STANDARD = gnu11;
				GCC_NO_COMMON_BLOCKS = YES;
				GCC_WARN_64_TO_32_BIT_CONVERSION = YES;
				GCC_WARN_ABOUT_RETURN_TYPE = YES_ERROR;
				GCC_WARN_UNDECLARED_SELECTOR = YES;
				GCC_WARN_UNINITIALIZED_AUTOS = YES_AGGRESSIVE;
				GCC_WARN_UNUSED_FUNCTION = YES;
				GCC_WARN_UNUSED_VARIABLE = YES;
				IPHONEOS_DEPLOYMENT_TARGET = 13.2;
				MTL_ENABLE_DEBUG_INFO = NO;
				MTL_FAST_MATH = YES;
				SDKROOT = iphoneos;
				SWIFT_COMPILATION_MODE = wholemodule;
				SWIFT_OPTIMIZATION_LEVEL = "-O";
				VALIDATE_PRODUCT = YES;
			};
			name = Release;
		};
		3F8616E824CA40CC00FD5578 /* Debug */ = {
			isa = XCBuildConfiguration;
			buildSettings = {
				ASSETCATALOG_COMPILER_APPICON_NAME = AppIcon;
				CODE_SIGN_STYLE = Automatic;
				INFOPLIST_FILE = ShoppingList1/Info.plist;
				LD_RUNPATH_SEARCH_PATHS = (
					"$(inherited)",
					"@executable_path/Frameworks",
				);
				PRODUCT_BUNDLE_IDENTIFIER = "Megan-Simmons.ShoppingList1";
				PRODUCT_NAME = "$(TARGET_NAME)";
				SWIFT_VERSION = 5.0;
				TARGETED_DEVICE_FAMILY = "1,2";
			};
			name = Debug;
		};
		3F8616E924CA40CC00FD5578 /* Release */ = {
			isa = XCBuildConfiguration;
			buildSettings = {
				ASSETCATALOG_COMPILER_APPICON_NAME = AppIcon;
				CODE_SIGN_STYLE = Automatic;
				INFOPLIST_FILE = ShoppingList1/Info.plist;
				LD_RUNPATH_SEARCH_PATHS = (
					"$(inherited)",
					"@executable_path/Frameworks",
				);
				PRODUCT_BUNDLE_IDENTIFIER = "Megan-Simmons.ShoppingList1";
				PRODUCT_NAME = "$(TARGET_NAME)";
				SWIFT_VERSION = 5.0;
				TARGETED_DEVICE_FAMILY = "1,2";
			};
			name = Release;
		};
		3F8616EB24CA40CC00FD5578 /* Debug */ = {
			isa = XCBuildConfiguration;
			buildSettings = {
				ALWAYS_EMBED_SWIFT_STANDARD_LIBRARIES = YES;
				BUNDLE_LOADER = "$(TEST_HOST)";
				CODE_SIGN_STYLE = Automatic;
				INFOPLIST_FILE = ShoppingList1Tests/Info.plist;
				IPHONEOS_DEPLOYMENT_TARGET = 13.2;
				LD_RUNPATH_SEARCH_PATHS = (
					"$(inherited)",
					"@executable_path/Frameworks",
					"@loader_path/Frameworks",
				);
				PRODUCT_BUNDLE_IDENTIFIER = "Megan-Simmons.ShoppingList1Tests";
				PRODUCT_NAME = "$(TARGET_NAME)";
				SWIFT_VERSION = 5.0;
				TARGETED_DEVICE_FAMILY = "1,2";
				TEST_HOST = "$(BUILT_PRODUCTS_DIR)/ShoppingList1.app/ShoppingList1";
			};
			name = Debug;
		};
		3F8616EC24CA40CC00FD5578 /* Release */ = {
			isa = XCBuildConfiguration;
			buildSettings = {
				ALWAYS_EMBED_SWIFT_STANDARD_LIBRARIES = YES;
				BUNDLE_LOADER = "$(TEST_HOST)";
				CODE_SIGN_STYLE = Automatic;
				INFOPLIST_FILE = ShoppingList1Tests/Info.plist;
				IPHONEOS_DEPLOYMENT_TARGET = 13.2;
				LD_RUNPATH_SEARCH_PATHS = (
					"$(inherited)",
					"@executable_path/Frameworks",
					"@loader_path/Frameworks",
				);
				PRODUCT_BUNDLE_IDENTIFIER = "Megan-Simmons.ShoppingList1Tests";
				PRODUCT_NAME = "$(TARGET_NAME)";
				SWIFT_VERSION = 5.0;
				TARGETED_DEVICE_FAMILY = "1,2";
				TEST_HOST = "$(BUILT_PRODUCTS_DIR)/ShoppingList1.app/ShoppingList1";
			};
			name = Release;
		};
		3F8616EE24CA40CC00FD5578 /* Debug */ = {
			isa = XCBuildConfiguration;
			buildSettings = {
				ALWAYS_EMBED_SWIFT_STANDARD_LIBRARIES = YES;
				CODE_SIGN_STYLE = Automatic;
				INFOPLIST_FILE = ShoppingList1UITests/Info.plist;
				LD_RUNPATH_SEARCH_PATHS = (
					"$(inherited)",
					"@executable_path/Frameworks",
					"@loader_path/Frameworks",
				);
				PRODUCT_BUNDLE_IDENTIFIER = "Megan-Simmons.ShoppingList1UITests";
				PRODUCT_NAME = "$(TARGET_NAME)";
				SWIFT_VERSION = 5.0;
				TARGETED_DEVICE_FAMILY = "1,2";
				TEST_TARGET_NAME = ShoppingList1;
			};
			name = Debug;
		};
		3F8616EF24CA40CC00FD5578 /* Release */ = {
			isa = XCBuildConfiguration;
			buildSettings = {
				ALWAYS_EMBED_SWIFT_STANDARD_LIBRARIES = YES;
				CODE_SIGN_STYLE = Automatic;
				INFOPLIST_FILE = ShoppingList1UITests/Info.plist;
				LD_RUNPATH_SEARCH_PATHS = (
					"$(inherited)",
					"@executable_path/Frameworks",
					"@loader_path/Frameworks",
				);
				PRODUCT_BUNDLE_IDENTIFIER = "Megan-Simmons.ShoppingList1UITests";
				PRODUCT_NAME = "$(TARGET_NAME)";
				SWIFT_VERSION = 5.0;
				TARGETED_DEVICE_FAMILY = "1,2";
				TEST_TARGET_NAME = ShoppingList1;
			};
			name = Release;
		};
/* End XCBuildConfiguration section */

/* Begin XCConfigurationList section */
		3F8616B824CA40CB00FD5578 /* Build configuration list for PBXProject "ShoppingList1" */ = {
			isa = XCConfigurationList;
			buildConfigurations = (
				3F8616E524CA40CC00FD5578 /* Debug */,
				3F8616E624CA40CC00FD5578 /* Release */,
			);
			defaultConfigurationIsVisible = 0;
			defaultConfigurationName = Release;
		};
		3F8616E724CA40CC00FD5578 /* Build configuration list for PBXNativeTarget "ShoppingList1" */ = {
			isa = XCConfigurationList;
			buildConfigurations = (
				3F8616E824CA40CC00FD5578 /* Debug */,
				3F8616E924CA40CC00FD5578 /* Release */,
			);
			defaultConfigurationIsVisible = 0;
			defaultConfigurationName = Release;
		};
		3F8616EA24CA40CC00FD5578 /* Build configuration list for PBXNativeTarget "ShoppingList1Tests" */ = {
			isa = XCConfigurationList;
			buildConfigurations = (
				3F8616EB24CA40CC00FD5578 /* Debug */,
				3F8616EC24CA40CC00FD5578 /* Release */,
			);
			defaultConfigurationIsVisible = 0;
			defaultConfigurationName = Release;
		};
		3F8616ED24CA40CC00FD5578 /* Build configuration list for PBXNativeTarget "ShoppingList1UITests" */ = {
			isa = XCConfigurationList;
			buildConfigurations = (
				3F8616EE24CA40CC00FD5578 /* Debug */,
				3F8616EF24CA40CC00FD5578 /* Release */,
			);
			defaultConfigurationIsVisible = 0;
			defaultConfigurationName = Release;
		};
/* End XCConfigurationList section */
	};
	rootObject = 3F8616B524CA40CB00FD5578 /* Project object */;
}
